
Microsoft Visual Studio Solution File, Format Version 12.00
# Visual Studio Version 16
VisualStudioVersion = 16.0.30907.101
MinimumVisualStudioVersion = 10.0.40219.1
Project("{FAE04EC0-301F-11D3-BF4B-00C04F79EFBC}") = "AspnetNote", "AspnetNote\AspnetNote.csproj", "{DBCF4C02-DE8A-4E7F-A2D1-2414E333A974}"
EndProject
Global
	GlobalSection(SolutionConfigurationPlatforms) = preSolution
		Debug|Any CPU = Debug|Any CPU
		Release|Any CPU = Release|Any CPU
	EndGlobalSection
	GlobalSection(ProjectConfigurationPlatforms) = postSolution
		{DBCF4C02-DE8A-4E7F-A2D1-2414E333A974}.Debug|Any CPU.ActiveCfg = Debug|Any CPU
		{DBCF4C02-DE8A-4E7F-A2D1-2414E333A974}.Debug|Any CPU.Build.0 = Debug|Any CPU
		{DBCF4C02-DE8A-4E7F-A2D1-2414E333A974}.Release|Any CPU.ActiveCfg = Release|Any CPU
		{DBCF4C02-DE8A-4E7F-A2D1-2414E333A974}.Release|Any CPU.Build.0 = Release|Any CPU
	EndGlobalSection
	GlobalSection(SolutionProperties) = preSolution
		HideSolutionNode = FALSE
	EndGlobalSection
	GlobalSection(ExtensibilityGlobals) = postSolution
		SolutionGuid = {F6387B6F-E582-4D1A-9E45-05D003F3E2F2}
	EndGlobalSection
EndGlobal
